
Microsoft Visual Studio Solution File, Format Version 12.00
# Visual Studio Version 17
VisualStudioVersion = 17.2.32630.192
MinimumVisualStudioVersion = 10.0.40219.1
Project("{9A19103F-16F7-4668-BE54-9A1E7A4F7556}") = "testWebAPI", "testWebAPI\testWebAPI.csproj", "{0B9887FD-7C3F-4238-926E-E3D4DAA91CDE}"
EndProject
Project("{FAE04EC0-301F-11D3-BF4B-00C04F79EFBC}") = "testWebAPI.Models", "testWebAPI.Models\testWebAPI.Models.csproj", "{835EF2D3-85BD-4CA6-B4EF-EDEFC6E47138}"
EndProject
Project("{FAE04EC0-301F-11D3-BF4B-00C04F79EFBC}") = "testWebAPI.Data", "testWebAPI.Data\testWebAPI.Data.csproj", "{9B74DB4C-6249-4A60-9985-75C5AF654F42}"
EndProject
Global
	GlobalSection(SolutionConfigurationPlatforms) = preSolution
		Debug|Any CPU = Debug|Any CPU
		Release|Any CPU = Release|Any CPU
	EndGlobalSection
	GlobalSection(ProjectConfigurationPlatforms) = postSolution
		{0B9887FD-7C3F-4238-926E-E3D4DAA91CDE}.Debug|Any CPU.ActiveCfg = Debug|Any CPU
		{0B9887FD-7C3F-4238-926E-E3D4DAA91CDE}.Debug|Any CPU.Build.0 = Debug|Any CPU
		{0B9887FD-7C3F-4238-926E-E3D4DAA91CDE}.Release|Any CPU.ActiveCfg = Release|Any CPU
		{0B9887FD-7C3F-4238-926E-E3D4DAA91CDE}.Release|Any CPU.Build.0 = Release|Any CPU
		{835EF2D3-85BD-4CA6-B4EF-EDEFC6E47138}.Debug|Any CPU.ActiveCfg = Debug|Any CPU
		{835EF2D3-85BD-4CA6-B4EF-EDEFC6E47138}.Debug|Any CPU.Build.0 = Debug|Any CPU
		{835EF2D3-85BD-4CA6-B4EF-EDEFC6E47138}.Release|Any CPU.ActiveCfg = Release|Any CPU
		{835EF2D3-85BD-4CA6-B4EF-EDEFC6E47138}.Release|Any CPU.Build.0 = Release|Any CPU
		{9B74DB4C-6249-4A60-9985-75C5AF654F42}.Debug|Any CPU.ActiveCfg = Debug|Any CPU
		{9B74DB4C-6249-4A60-9985-75C5AF654F42}.Debug|Any CPU.Build.0 = Debug|Any CPU
		{9B74DB4C-6249-4A60-9985-75C5AF654F42}.Release|Any CPU.ActiveCfg = Release|Any CPU
		{9B74DB4C-6249-4A60-9985-75C5AF654F42}.Release|Any CPU.Build.0 = Release|Any CPU
	EndGlobalSection
	GlobalSection(SolutionProperties) = preSolution
		HideSolutionNode = FALSE
	EndGlobalSection
	GlobalSection(ExtensibilityGlobals) = postSolution
		SolutionGuid = {0D640779-6067-45E7-ACBB-430E0881A93D}
	EndGlobalSection
EndGlobal
